
Microsoft Visual Studio Solution File, Format Version 12.00
# Visual Studio Version 17
VisualStudioVersion = 17.5.002.0
MinimumVisualStudioVersion = 10.0.40219.1
Project("{2150E333-8FDC-42A3-9474-1A3956D46DE8}") = "PGenerated", "PGenerated", "{B312AE8A-8EEF-479C-B598-074565DDD9E4}"
EndProject
Project("{9A19103F-16F7-4668-BE54-9A1E7A4F7556}") = "OrbitDB", "PGenerated\CSharp\OrbitDB.csproj", "{AB5FE82D-CC25-4222-AC94-70286C430416}"
EndProject
Global
	GlobalSection(SolutionConfigurationPlatforms) = preSolution
		Debug|Any CPU = Debug|Any CPU
		Release|Any CPU = Release|Any CPU
	EndGlobalSection
	GlobalSection(ProjectConfigurationPlatforms) = postSolution
		{AB5FE82D-CC25-4222-AC94-70286C430416}.Debug|Any CPU.ActiveCfg = Debug|Any CPU
		{AB5FE82D-CC25-4222-AC94-70286C430416}.Debug|Any CPU.Build.0 = Debug|Any CPU
		{AB5FE82D-CC25-4222-AC94-70286C430416}.Release|Any CPU.ActiveCfg = Release|Any CPU
		{AB5FE82D-CC25-4222-AC94-70286C430416}.Release|Any CPU.Build.0 = Release|Any CPU
	EndGlobalSection
	GlobalSection(SolutionProperties) = preSolution
		HideSolutionNode = FALSE
	EndGlobalSection
	GlobalSection(NestedProjects) = preSolution
		{AB5FE82D-CC25-4222-AC94-70286C430416} = {B312AE8A-8EEF-479C-B598-074565DDD9E4}
	EndGlobalSection
	GlobalSection(ExtensibilityGlobals) = postSolution
		SolutionGuid = {CE95841F-C207-4163-AB10-A435F0E753AD}
	EndGlobalSection
EndGlobal
